
Microsoft Visual Studio Solution File, Format Version 12.00
# Visual Studio 15
VisualStudioVersion = 15.0.28307.572
MinimumVisualStudioVersion = 10.0.40219.1
Project("{9A19103F-16F7-4668-BE54-9A1E7A4F7556}") = "Domain", "Domain\Domain.csproj", "{DFA45806-98A9-4CE9-8DF0-50E4AFC3082D}"
EndProject
Project("{9A19103F-16F7-4668-BE54-9A1E7A4F7556}") = "DataPersistence", "DataPersistence\DataPersistence.csproj", "{CBD4F7A3-87C6-4AE2-A4AD-E45C70DC6400}"
EndProject
Project("{9A19103F-16F7-4668-BE54-9A1E7A4F7556}") = "DependencyInjector", "DependencyInjector\DependencyInjector.csproj", "{6E9A996F-3118-45A5-8DDD-100F03B46686}"
EndProject
Project("{9A19103F-16F7-4668-BE54-9A1E7A4F7556}") = "WebApi", "WebApi\WebApi.csproj", "{1AC7261D-7C12-4DE8-B892-B0E7CFE16D55}"
EndProject
Project("{9A19103F-16F7-4668-BE54-9A1E7A4F7556}") = "CrossCutting", "CrossCutting\CrossCutting.csproj", "{5887A379-780F-4784-AC87-EBC0CB158F90}"
EndProject
Project("{9A19103F-16F7-4668-BE54-9A1E7A4F7556}") = "WebMvcClient", "WebMvcClient\WebMvcClient.csproj", "{BA64DD7B-CD08-4EEC-BE7B-B535F0960A7C}"
EndProject
Project("{9A19103F-16F7-4668-BE54-9A1E7A4F7556}") = "BookstoreApiClient", "BookstoreApiClient\BookstoreApiClient.csproj", "{0E729D31-516A-421D-A4C3-29EAC9EFE154}"
EndProject
Global
	GlobalSection(SolutionConfigurationPlatforms) = preSolution
		Debug|Any CPU = Debug|Any CPU
		Release|Any CPU = Release|Any CPU
	EndGlobalSection
	GlobalSection(ProjectConfigurationPlatforms) = postSolution
		{DFA45806-98A9-4CE9-8DF0-50E4AFC3082D}.Debug|Any CPU.ActiveCfg = Debug|Any CPU
		{DFA45806-98A9-4CE9-8DF0-50E4AFC3082D}.Debug|Any CPU.Build.0 = Debug|Any CPU
		{DFA45806-98A9-4CE9-8DF0-50E4AFC3082D}.Release|Any CPU.ActiveCfg = Release|Any CPU
		{DFA45806-98A9-4CE9-8DF0-50E4AFC3082D}.Release|Any CPU.Build.0 = Release|Any CPU
		{CBD4F7A3-87C6-4AE2-A4AD-E45C70DC6400}.Debug|Any CPU.ActiveCfg = Debug|Any CPU
		{CBD4F7A3-87C6-4AE2-A4AD-E45C70DC6400}.Debug|Any CPU.Build.0 = Debug|Any CPU
		{CBD4F7A3-87C6-4AE2-A4AD-E45C70DC6400}.Release|Any CPU.ActiveCfg = Release|Any CPU
		{CBD4F7A3-87C6-4AE2-A4AD-E45C70DC6400}.Release|Any CPU.Build.0 = Release|Any CPU
		{6E9A996F-3118-45A5-8DDD-100F03B46686}.Debug|Any CPU.ActiveCfg = Debug|Any CPU
		{6E9A996F-3118-45A5-8DDD-100F03B46686}.Debug|Any CPU.Build.0 = Debug|Any CPU
		{6E9A996F-3118-45A5-8DDD-100F03B46686}.Release|Any CPU.ActiveCfg = Release|Any CPU
		{6E9A996F-3118-45A5-8DDD-100F03B46686}.Release|Any CPU.Build.0 = Release|Any CPU
		{1AC7261D-7C12-4DE8-B892-B0E7CFE16D55}.Debug|Any CPU.ActiveCfg = Debug|Any CPU
		{1AC7261D-7C12-4DE8-B892-B0E7CFE16D55}.Debug|Any CPU.Build.0 = Debug|Any CPU
		{1AC7261D-7C12-4DE8-B892-B0E7CFE16D55}.Release|Any CPU.ActiveCfg = Release|Any CPU
		{1AC7261D-7C12-4DE8-B892-B0E7CFE16D55}.Release|Any CPU.Build.0 = Release|Any CPU
		{5887A379-780F-4784-AC87-EBC0CB158F90}.Debug|Any CPU.ActiveCfg = Debug|Any CPU
		{5887A379-780F-4784-AC87-EBC0CB158F90}.Debug|Any CPU.Build.0 = Debug|Any CPU
		{5887A379-780F-4784-AC87-EBC0CB158F90}.Release|Any CPU.ActiveCfg = Release|Any CPU
		{5887A379-780F-4784-AC87-EBC0CB158F90}.Release|Any CPU.Build.0 = Release|Any CPU
		{BA64DD7B-CD08-4EEC-BE7B-B535F0960A7C}.Debug|Any CPU.ActiveCfg = Debug|Any CPU
		{BA64DD7B-CD08-4EEC-BE7B-B535F0960A7C}.Debug|Any CPU.Build.0 = Debug|Any CPU
		{BA64DD7B-CD08-4EEC-BE7B-B535F0960A7C}.Release|Any CPU.ActiveCfg = Release|Any CPU
		{BA64DD7B-CD08-4EEC-BE7B-B535F0960A7C}.Release|Any CPU.Build.0 = Release|Any CPU
		{0E729D31-516A-421D-A4C3-29EAC9EFE154}.Debug|Any CPU.ActiveCfg = Debug|Any CPU
		{0E729D31-516A-421D-A4C3-29EAC9EFE154}.Debug|Any CPU.Build.0 = Debug|Any CPU
		{0E729D31-516A-421D-A4C3-29EAC9EFE154}.Release|Any CPU.ActiveCfg = Release|Any CPU
		{0E729D31-516A-421D-A4C3-29EAC9EFE154}.Release|Any CPU.Build.0 = Release|Any CPU
	EndGlobalSection
	GlobalSection(SolutionProperties) = preSolution
		HideSolutionNode = FALSE
	EndGlobalSection
	GlobalSection(ExtensibilityGlobals) = postSolution
		SolutionGuid = {5269A161-C9D7-4A4C-8F96-22936F4C8AA7}
	EndGlobalSection
EndGlobal
